<?xml version="1.0" encoding="utf-8"?>
<Project ToolsVersion="4.0" xmlns="http://schemas.microsoft.com/developer/msbuild/2003">
  <ItemGroup>
    <Filter Include="Pliki źródłowe">
      <UniqueIdentifier>{4FC737F1-C7A5-4376-A066-2A32D752A2FF}</UniqueIdentifier>
      <Extensions>cpp;c;cc;cxx;def;odl;idl;hpj;bat;asm;asmx</Extensions>
    </Filter>
    <Filter Include="Pliki nagłówkowe">
      <UniqueIdentifier>{93995380-89BD-4b04-88EB-625FBE52EBFB}</UniqueIdentifier>
      <Extensions>h;hh;hpp;hxx;hm;inl;inc;ipp;xsd</Extensions>
    </Filter>
    <Filter Include="Pliki zasobów">
      <UniqueIdentifier>{67DA6AB6-F800-4c08-8B7A-83BB121AAD01}</UniqueIdentifier>
      <Extensions>rc;ico;cur;bmp;dlg;rc2;rct;bin;rgs;gif;jpg;jpeg;jpe;resx;tiff;tif;png;wav;mfcribbon-ms</Extensions>
    </Filter>
    <Filter Include="GUI">
      <UniqueIdentifier>{c25435c6-d3fa-40b6-8f90-e67c6bf12d9a}</UniqueIdentifier>
    </Filter>
    <Filter Include="States">
      <UniqueIdentifier>{4063119d-8824-4701-aac4-0adf42353e47}</UniqueIdentifier>
    </Filter>
    <Filter Include="Gameplay stuff">
      <UniqueIdentifier>{bcc118b1-b889-4ede-b1fa-7ffbc67f448b}</UniqueIdentifier>
    </Filter>
    <Filter Include="HUD">
      <UniqueIdentifier>{d3fcba14-8ca7-4b38-a1d4-6afe2aee07da}</UniqueIdentifier>
    </Filter>
  </ItemGroup>
  <ItemGroup>
    <ClCompile Include="GraNaKonkursInformatyczny.cpp">
      <Filter>Pliki źródłowe</Filter>
    </ClCompile>
    <ClCompile Include="Game.cpp">
      <Filter>Pliki źródłowe</Filter>
    </ClCompile>
    <ClCompile Include="TextureHolder.cpp">
      <Filter>Pliki źródłowe</Filter>
    </ClCompile>
    <ClCompile Include="State.cpp">
      <Filter>States</Filter>
    </ClCompile>
    <ClCompile Include="MenuState.cpp">
      <Filter>States</Filter>
    </ClCompile>
    <ClCompile Include="Button.cpp">
      <Filter>GUI</Filter>
    </ClCompile>
    <ClCompile Include="MessageBox.cpp">
      <Filter>GUI</Filter>
    </ClCompile>
    <ClCompile Include="GameplayState.cpp">
      <Filter>States</Filter>
    </ClCompile>
    <ClCompile Include="Player.cpp">
      <Filter>Gameplay stuff</Filter>
    </ClCompile>
    <ClCompile Include="Bullet.cpp">
      <Filter>Gameplay stuff</Filter>
    </ClCompile>
    <ClCompile Include="Enemy.cpp">
      <Filter>Gameplay stuff</Filter>
    </ClCompile>
    <ClCompile Include="PowerOfShotBar.cpp">
      <Filter>HUD</Filter>
    </ClCompile>
    <ClCompile Include="ScoreHUD.cpp">
      <Filter>HUD</Filter>
    </ClCompile>
    <ClCompile Include="AmmoHUD.cpp">
      <Filter>HUD</Filter>
    </ClCompile>
    <ClCompile Include="InformationState.cpp">
      <Filter>States</Filter>
    </ClCompile>
  </ItemGroup>
  <ItemGroup>
    <ClInclude Include="TextureHolder.h">
      <Filter>Pliki nagłówkowe</Filter>
    </ClInclude>
    <ClInclude Include="State.h">
      <Filter>States</Filter>
    </ClInclude>
    <ClInclude Include="MenuState.h">
      <Filter>States</Filter>
    </ClInclude>
    <ClInclude Include="Button.h">
      <Filter>GUI</Filter>
    </ClInclude>
    <ClInclude Include="MessageBox.h">
      <Filter>GUI</Filter>
    </ClInclude>
    <ClInclude Include="GameplayState.h">
      <Filter>States</Filter>
    </ClInclude>
    <ClInclude Include="Player.h">
      <Filter>Gameplay stuff</Filter>
    </ClInclude>
    <ClInclude Include="Bullet.h">
      <Filter>Gameplay stuff</Filter>
    </ClInclude>
    <ClInclude Include="Enemy.h">
      <Filter>Gameplay stuff</Filter>
    </ClInclude>
    <ClInclude Include="Game.h">
      <Filter>Pliki nagłówkowe</Filter>
    </ClInclude>
    <ClInclude Include="PowerOfShotBar.h">
      <Filter>HUD</Filter>
    </ClInclude>
    <ClInclude Include="ScoreHUD.h">
      <Filter>HUD</Filter>
    </ClInclude>
    <ClInclude Include="AmmoHUD.h">
      <Filter>HUD</Filter>
    </ClInclude>
    <ClInclude Include="InformationState.h">
      <Filter>States</Filter>
    </ClInclude>
  </ItemGroup>
</Project>